
Microsoft Visual Studio Solution File, Format Version 12.00
# Visual Studio Version 17
VisualStudioVersion = 17.3.32922.545
MinimumVisualStudioVersion = 10.0.40219.1
Project("{FAE04EC0-301F-11D3-BF4B-00C04F79EFBC}") = "GerenciadorAniversarios", "GerenciadorAniversarios\GerenciadorAniversarios.csproj", "{734B588D-6861-46ED-A757-C0886D7374CE}"
EndProject
Project("{FAE04EC0-301F-11D3-BF4B-00C04F79EFBC}") = "GerenciadorAniversarios.Domain", "GerenciadorAniversarios.Models\GerenciadorAniversarios.Domain.csproj", "{D2B1978B-BB8C-41DB-8C14-17B1A34241B0}"
EndProject
Project("{FAE04EC0-301F-11D3-BF4B-00C04F79EFBC}") = "GerenciadorAniversarios.Repositories", "GerenciadorAniversarios.Repositories\GerenciadorAniversarios.Repositories.csproj", "{170A6B9E-FECA-43D1-94E6-845F951B1236}"
EndProject
Project("{FAE04EC0-301F-11D3-BF4B-00C04F79EFBC}") = "InteracaoUsuario", "InteracaoUsuario\InteracaoUsuario.csproj", "{7BF73294-6059-405C-8646-A2E55A2F6CF1}"
EndProject
Global
	GlobalSection(SolutionConfigurationPlatforms) = preSolution
		Debug|Any CPU = Debug|Any CPU
		Release|Any CPU = Release|Any CPU
	EndGlobalSection
	GlobalSection(ProjectConfigurationPlatforms) = postSolution
		{734B588D-6861-46ED-A757-C0886D7374CE}.Debug|Any CPU.ActiveCfg = Debug|Any CPU
		{734B588D-6861-46ED-A757-C0886D7374CE}.Debug|Any CPU.Build.0 = Debug|Any CPU
		{734B588D-6861-46ED-A757-C0886D7374CE}.Release|Any CPU.ActiveCfg = Release|Any CPU
		{734B588D-6861-46ED-A757-C0886D7374CE}.Release|Any CPU.Build.0 = Release|Any CPU
		{D2B1978B-BB8C-41DB-8C14-17B1A34241B0}.Debug|Any CPU.ActiveCfg = Debug|Any CPU
		{D2B1978B-BB8C-41DB-8C14-17B1A34241B0}.Debug|Any CPU.Build.0 = Debug|Any CPU
		{D2B1978B-BB8C-41DB-8C14-17B1A34241B0}.Release|Any CPU.ActiveCfg = Release|Any CPU
		{D2B1978B-BB8C-41DB-8C14-17B1A34241B0}.Release|Any CPU.Build.0 = Release|Any CPU
		{170A6B9E-FECA-43D1-94E6-845F951B1236}.Debug|Any CPU.ActiveCfg = Debug|Any CPU
		{170A6B9E-FECA-43D1-94E6-845F951B1236}.Debug|Any CPU.Build.0 = Debug|Any CPU
		{170A6B9E-FECA-43D1-94E6-845F951B1236}.Release|Any CPU.ActiveCfg = Release|Any CPU
		{170A6B9E-FECA-43D1-94E6-845F951B1236}.Release|Any CPU.Build.0 = Release|Any CPU
		{7BF73294-6059-405C-8646-A2E55A2F6CF1}.Debug|Any CPU.ActiveCfg = Debug|Any CPU
		{7BF73294-6059-405C-8646-A2E55A2F6CF1}.Debug|Any CPU.Build.0 = Debug|Any CPU
		{7BF73294-6059-405C-8646-A2E55A2F6CF1}.Release|Any CPU.ActiveCfg = Release|Any CPU
		{7BF73294-6059-405C-8646-A2E55A2F6CF1}.Release|Any CPU.Build.0 = Release|Any CPU
	EndGlobalSection
	GlobalSection(SolutionProperties) = preSolution
		HideSolutionNode = FALSE
	EndGlobalSection
	GlobalSection(ExtensibilityGlobals) = postSolution
		SolutionGuid = {16AD1C52-9625-463E-A503-DD983BC2BF21}
	EndGlobalSection
EndGlobal
